{
  "version": 4,
  "terraform_version": "0.12.3",
  "serial": 35,
  "lineage": "cbd185be-a70b-d5c8-8e8f-49e54eef1348",
  "outputs": {},
  "resources": [
    {
      "mode": "managed",
      "type": "google_compute_firewall",
      "name": "default",
      "provider": "provider.google",
      "instances": [
        {
          "schema_version": 1,
          "attributes": {
            "allow": [
              {
                "ports": [
                  "22"
                ],
                "protocol": "tcp"
              },
              {
                "ports": [],
                "protocol": "icmp"
              }
            ],
            "creation_timestamp": "2019-07-11T01:23:39.479-07:00",
            "deny": [],
            "description": "",
            "destination_ranges": [],
            "direction": "INGRESS",
            "disabled": false,
            "id": "terraformvm-firewall",
            "name": "terraformvm-firewall",
            "network": "https://www.googleapis.com/compute/v1/projects/david-02031990/global/networks/default",
            "priority": 1000,
            "project": "david-02031990",
            "self_link": "https://www.googleapis.com/compute/v1/projects/david-02031990/global/firewalls/terraformvm-firewall",
            "source_ranges": [
              "0.0.0.0/0"
            ],
            "source_service_accounts": [],
            "source_tags": [],
            "target_service_accounts": [],
            "target_tags": [
              "terraformvm"
            ],
            "timeouts": null
          },
          "private": "eyJlMmJmYjczMC1lY2FhLTExZTYtOGY4OC0zNDM2M2JjN2M0YzAiOnsiY3JlYXRlIjoyNDAwMDAwMDAwMDAsImRlbGV0ZSI6MjQwMDAwMDAwMDAwLCJ1cGRhdGUiOjI0MDAwMDAwMDAwMH0sInNjaGVtYV92ZXJzaW9uIjoiMSJ9"
        }
      ]
    },
    {
      "mode": "managed",
      "type": "google_compute_instance",
      "name": "default",
      "provider": "provider.google",
      "instances": [
        {
          "status": "tainted",
          "schema_version": 6,
          "attributes": {
            "allow_stopping_for_update": null,
            "attached_disk": [],
            "boot_disk": [
              {
                "auto_delete": true,
                "device_name": "persistent-disk-0",
                "disk_encryption_key_raw": "",
                "disk_encryption_key_sha256": "",
                "initialize_params": [
                  {
                    "image": "https://www.googleapis.com/compute/v1/projects/ubuntu-os-cloud/global/images/ubuntu-1804-bionic-v20190628",
                    "size": 10,
                    "type": "pd-standard"
                  }
                ],
                "kms_key_self_link": "",
                "source": "https://www.googleapis.com/compute/v1/projects/david-02031990/zones/europe-west2-c/disks/terraformvm"
              }
            ],
            "can_ip_forward": false,
            "cpu_platform": "Intel Broadwell",
            "deletion_protection": false,
            "description": null,
            "disk": [],
            "guest_accelerator": [],
            "hostname": "",
            "id": "terraformvm",
            "instance_id": "5082083195513140693",
            "label_fingerprint": "42WmSpB8rSM=",
            "labels": null,
            "machine_type": "n1-standard-1",
            "metadata": {
              "sshKeys": "terraform:ssh-rsa AAAAB3NzaC1yc2EAAAADAQABAAABAQDaXsgA8UIAK92H2pxFJHssvxBO4IVWPluXRYKowauB2mSs4AkA/PvTzzbQvyyXxvriBQadIP/Lo24F9XSLC0vEl+PRz/sxdffSjxUGgnkS/dCfvN+G61xWNeg6Eo11pcnOe5nxQ9nSlBVwsRDerfrofDlJUiBJe+NES/t4PbQECBFBZFGoboide0Rtq15O34/+HFZIvUZuqwkLRsuf6eH08Mew4P+2gkRrdNUf62u5tt+Va3Hkk4YrY4K6i/cauBm7PTCaw+nymtQpGnt9cuLA7K+QJHxgTq9cHJE2xjG/xK28h0YZTKiaJ98mTRD8jmszqJ/wKZJE4Aqbx7AHlwrP d_w_oneill_18@instance-1\n"
            },
            "metadata_fingerprint": "8Oyb8-ydviA=",
            "metadata_startup_script": "",
            "min_cpu_platform": "",
            "name": "terraformvm",
            "network_interface": [
              {
                "access_config": [
                  {
                    "assigned_nat_ip": "",
                    "nat_ip": "35.230.143.14",
                    "network_tier": "PREMIUM",
                    "public_ptr_domain_name": ""
                  }
                ],
                "address": "",
                "alias_ip_range": [],
                "name": "nic0",
                "network": "https://www.googleapis.com/compute/v1/projects/david-02031990/global/networks/default",
                "network_ip": "10.154.0.23",
                "subnetwork": "https://www.googleapis.com/compute/v1/projects/david-02031990/regions/europe-west2/subnetworks/default",
                "subnetwork_project": "david-02031990"
              }
            ],
            "project": "david-02031990",
            "scheduling": [
              {
                "automatic_restart": true,
                "node_affinities": [],
                "on_host_maintenance": "MIGRATE",
                "preemptible": false
              }
            ],
            "scratch_disk": [],
            "self_link": "https://www.googleapis.com/compute/v1/projects/david-02031990/zones/europe-west2-c/instances/terraformvm",
            "service_account": [],
            "shielded_instance_config": [],
            "tags": [
              "terraformvm"
            ],
            "tags_fingerprint": "kkCAs_KBx6I=",
            "timeouts": null,
            "zone": "europe-west2-c"
          },
          "private": "eyJlMmJmYjczMC1lY2FhLTExZTYtOGY4OC0zNDM2M2JjN2M0YzAiOnsiY3JlYXRlIjoxMjAwMDAwMDAwMDAwLCJkZWxldGUiOjEyMDAwMDAwMDAwMDAsInVwZGF0ZSI6MTIwMDAwMDAwMDAwMH0sInNjaGVtYV92ZXJzaW9uIjoiNiJ9"
        }
      ]
    }
  ]
}
